
Microsoft Visual Studio Solution File, Format Version 12.00
# Visual Studio 2013
VisualStudioVersion = 12.0.31101.0
MinimumVisualStudioVersion = 10.0.40219.1
Project("{FAE04EC0-301F-11D3-BF4B-00C04F79EFBC}") = "Limiter", "Limiter\Limiter.csproj", "{ED790E4D-23CD-49D3-8852-1D29A9202399}"
EndProject
Project("{FAE04EC0-301F-11D3-BF4B-00C04F79EFBC}") = "Limiter.Tests.Unit", "Limiter.Tests.Unit\Limiter.Tests.Unit.csproj", "{80197599-54FE-4951-8972-88B62F6E45F6}"
EndProject
Project("{FAE04EC0-301F-11D3-BF4B-00C04F79EFBC}") = "Limiter.Tests.Integration", "Limiter.Tests.Integration\Limiter.Tests.Integration.csproj", "{EAEC79BD-81CC-4053-83A7-10FA2126A874}"
EndProject
Project("{FAE04EC0-301F-11D3-BF4B-00C04F79EFBC}") = "Limiter.WebService", "Limiter.WebService\Limiter.WebService.csproj", "{C7EE6DAB-ED90-4FCE-A28B-E5E9C0F80DFF}"
EndProject
Project("{2150E333-8FDC-42A3-9474-1A3956D46DE8}") = "PublishScripts", "PublishScripts", "{EEF29052-3088-4C14-8DDE-E66F70E5D648}"
	ProjectSection(SolutionItems) = preProject
		PublishScripts\AzureWebsitePublishModule.psm1 = PublishScripts\AzureWebsitePublishModule.psm1
		PublishScripts\Publish-WebApplicationWebsite.ps1 = PublishScripts\Publish-WebApplicationWebsite.ps1
	EndProjectSection
EndProject
Project("{2150E333-8FDC-42A3-9474-1A3956D46DE8}") = "Configurations", "Configurations", "{B2784E07-7A1B-4F90-A6AD-CD2AEE186B7B}"
	ProjectSection(SolutionItems) = preProject
		PublishScripts\Configurations\LimiterWebService-WAWS-dev.json = PublishScripts\Configurations\LimiterWebService-WAWS-dev.json
	EndProjectSection
EndProject
Global
	GlobalSection(SolutionConfigurationPlatforms) = preSolution
		Debug|Any CPU = Debug|Any CPU
		Release|Any CPU = Release|Any CPU
	EndGlobalSection
	GlobalSection(ProjectConfigurationPlatforms) = postSolution
		{ED790E4D-23CD-49D3-8852-1D29A9202399}.Debug|Any CPU.ActiveCfg = Debug|Any CPU
		{ED790E4D-23CD-49D3-8852-1D29A9202399}.Debug|Any CPU.Build.0 = Debug|Any CPU
		{ED790E4D-23CD-49D3-8852-1D29A9202399}.Release|Any CPU.ActiveCfg = Release|Any CPU
		{ED790E4D-23CD-49D3-8852-1D29A9202399}.Release|Any CPU.Build.0 = Release|Any CPU
		{80197599-54FE-4951-8972-88B62F6E45F6}.Debug|Any CPU.ActiveCfg = Debug|Any CPU
		{80197599-54FE-4951-8972-88B62F6E45F6}.Debug|Any CPU.Build.0 = Debug|Any CPU
		{80197599-54FE-4951-8972-88B62F6E45F6}.Release|Any CPU.ActiveCfg = Release|Any CPU
		{80197599-54FE-4951-8972-88B62F6E45F6}.Release|Any CPU.Build.0 = Release|Any CPU
		{EAEC79BD-81CC-4053-83A7-10FA2126A874}.Debug|Any CPU.ActiveCfg = Debug|Any CPU
		{EAEC79BD-81CC-4053-83A7-10FA2126A874}.Debug|Any CPU.Build.0 = Debug|Any CPU
		{EAEC79BD-81CC-4053-83A7-10FA2126A874}.Release|Any CPU.ActiveCfg = Release|Any CPU
		{EAEC79BD-81CC-4053-83A7-10FA2126A874}.Release|Any CPU.Build.0 = Release|Any CPU
		{C7EE6DAB-ED90-4FCE-A28B-E5E9C0F80DFF}.Debug|Any CPU.ActiveCfg = Debug|Any CPU
		{C7EE6DAB-ED90-4FCE-A28B-E5E9C0F80DFF}.Debug|Any CPU.Build.0 = Debug|Any CPU
		{C7EE6DAB-ED90-4FCE-A28B-E5E9C0F80DFF}.Release|Any CPU.ActiveCfg = Release|Any CPU
		{C7EE6DAB-ED90-4FCE-A28B-E5E9C0F80DFF}.Release|Any CPU.Build.0 = Release|Any CPU
	EndGlobalSection
	GlobalSection(SolutionProperties) = preSolution
		HideSolutionNode = FALSE
	EndGlobalSection
	GlobalSection(NestedProjects) = preSolution
		{B2784E07-7A1B-4F90-A6AD-CD2AEE186B7B} = {EEF29052-3088-4C14-8DDE-E66F70E5D648}
	EndGlobalSection
EndGlobal
